
Microsoft Visual Studio Solution File, Format Version 12.00
# Visual Studio Version 16
VisualStudioVersion = 16.0.29709.97
MinimumVisualStudioVersion = 10.0.40219.1
Project("{FAE04EC0-301F-11D3-BF4B-00C04F79EFBC}") = "WebApplicationMVC1", "WebApplicationMVC1\WebApplicationMVC1.csproj", "{2B00BAB2-D59E-488E-960C-4F35DBE404CA}"
EndProject
Global
	GlobalSection(SolutionConfigurationPlatforms) = preSolution
		Debug|Any CPU = Debug|Any CPU
		Release|Any CPU = Release|Any CPU
	EndGlobalSection
	GlobalSection(ProjectConfigurationPlatforms) = postSolution
		{2B00BAB2-D59E-488E-960C-4F35DBE404CA}.Debug|Any CPU.ActiveCfg = Debug|Any CPU
		{2B00BAB2-D59E-488E-960C-4F35DBE404CA}.Debug|Any CPU.Build.0 = Debug|Any CPU
		{2B00BAB2-D59E-488E-960C-4F35DBE404CA}.Release|Any CPU.ActiveCfg = Release|Any CPU
		{2B00BAB2-D59E-488E-960C-4F35DBE404CA}.Release|Any CPU.Build.0 = Release|Any CPU
	EndGlobalSection
	GlobalSection(SolutionProperties) = preSolution
		HideSolutionNode = FALSE
	EndGlobalSection
	GlobalSection(ExtensibilityGlobals) = postSolution
		SolutionGuid = {D420C887-B061-4872-9E9F-4112F83E5429}
	EndGlobalSection
EndGlobal
